
Microsoft Visual Studio Solution File, Format Version 11.00
# Visual Studio 2010
Project("{4925A630-B079-445d-BCD4-3A9C94FE9307}") = "XaOpenXC", "XaOpenXC\XaOpenXC.fsproj", "{065E15E9-36AD-421A-AF7A-95698BC76236}"
EndProject
Global
	GlobalSection(SolutionConfigurationPlatforms) = preSolution
		Debug|Any CPU = Debug|Any CPU
		Release|Any CPU = Release|Any CPU
	EndGlobalSection
	GlobalSection(ProjectConfigurationPlatforms) = postSolution
		{065E15E9-36AD-421A-AF7A-95698BC76236}.Debug|Any CPU.ActiveCfg = Debug|Any CPU
		{065E15E9-36AD-421A-AF7A-95698BC76236}.Debug|Any CPU.Build.0 = Debug|Any CPU
		{065E15E9-36AD-421A-AF7A-95698BC76236}.Release|Any CPU.ActiveCfg = Release|Any CPU
		{065E15E9-36AD-421A-AF7A-95698BC76236}.Release|Any CPU.Build.0 = Release|Any CPU
	EndGlobalSection
	GlobalSection(MonoDevelopProperties) = preSolution
		StartupItem = XaOpenXC\XaOpenXC.fsproj
	EndGlobalSection
EndGlobal
